
Microsoft Visual Studio Solution File, Format Version 12.00
# Visual Studio Version 16
VisualStudioVersion = 16.0.30011.22
MinimumVisualStudioVersion = 10.0.40219.1
Project("{FAE04EC0-301F-11D3-BF4B-00C04F79EFBC}") = "Maket", "Maket.csproj", "{69C69C68-E88C-4E4F-BB72-6C98E2115B4B}"
EndProject
Global
	GlobalSection(SolutionConfigurationPlatforms) = preSolution
		Debug|Any CPU = Debug|Any CPU
		Release|Any CPU = Release|Any CPU
	EndGlobalSection
	GlobalSection(ProjectConfigurationPlatforms) = postSolution
		{69C69C68-E88C-4E4F-BB72-6C98E2115B4B}.Debug|Any CPU.ActiveCfg = Debug|Any CPU
		{69C69C68-E88C-4E4F-BB72-6C98E2115B4B}.Debug|Any CPU.Build.0 = Debug|Any CPU
		{69C69C68-E88C-4E4F-BB72-6C98E2115B4B}.Release|Any CPU.ActiveCfg = Release|Any CPU
		{69C69C68-E88C-4E4F-BB72-6C98E2115B4B}.Release|Any CPU.Build.0 = Release|Any CPU
	EndGlobalSection
	GlobalSection(SolutionProperties) = preSolution
		HideSolutionNode = FALSE
	EndGlobalSection
	GlobalSection(ExtensibilityGlobals) = postSolution
		SolutionGuid = {A845DEAD-215B-4D46-A997-2FB5F2941BB2}
	EndGlobalSection
EndGlobal
